// !$*UTF8*$!
{
	archiveVersion = 1;
	classes = {
	};
	objectVersion = 56;
	objects = {

/* Begin PBXBuildFile section */
		BDE807922AA90B2C0055C6B6 /* NotificationManager.swift in Sources */ = {isa = PBXBuildFile; fileRef = BDE807912AA90B2C0055C6B6 /* NotificationManager.swift */; };
		BDE807942AAFF4960055C6B6 /* ReminderState.swift in Sources */ = {isa = PBXBuildFile; fileRef = BDE807932AAFF4960055C6B6 /* ReminderState.swift */; };
		D046E0522AA6D4E500702773 /* ReminderListItem.swift in Sources */ = {isa = PBXBuildFile; fileRef = D046E0512AA6D4E500702773 /* ReminderListItem.swift */; };
		D04B1FBE2AA172FE00B72475 /* ErinraApp.swift in Sources */ = {isa = PBXBuildFile; fileRef = D04B1FBD2AA172FE00B72475 /* ErinraApp.swift */; };
		D04B1FC02AA172FE00B72475 /* ContentView.swift in Sources */ = {isa = PBXBuildFile; fileRef = D04B1FBF2AA172FE00B72475 /* ContentView.swift */; };
		D04B1FC22AA172FE00B72475 /* Reminder.swift in Sources */ = {isa = PBXBuildFile; fileRef = D04B1FC12AA172FE00B72475 /* Reminder.swift */; };
		D04B1FC42AA172FF00B72475 /* Assets.xcassets in Resources */ = {isa = PBXBuildFile; fileRef = D04B1FC32AA172FF00B72475 /* Assets.xcassets */; };
		D04B1FC72AA172FF00B72475 /* Preview Assets.xcassets in Resources */ = {isa = PBXBuildFile; fileRef = D04B1FC62AA172FF00B72475 /* Preview Assets.xcassets */; };
		D0680A602AB7791000387A79 /* LaunchAtLogin.swift in Sources */ = {isa = PBXBuildFile; fileRef = D0680A5F2AB7791000387A79 /* LaunchAtLogin.swift */; };
		D0BD590F2AA50BC40071B58F /* NewReminder.swift in Sources */ = {isa = PBXBuildFile; fileRef = D0BD590E2AA50BC40071B58F /* NewReminder.swift */; };
/* End PBXBuildFile section */

/* Begin PBXFileReference section */
		BDE807912AA90B2C0055C6B6 /* NotificationManager.swift */ = {isa = PBXFileReference; lastKnownFileType = sourcecode.swift; path = NotificationManager.swift; sourceTree = "<group>"; };
		BDE807932AAFF4960055C6B6 /* ReminderState.swift */ = {isa = PBXFileReference; lastKnownFileType = sourcecode.swift; path = ReminderState.swift; sourceTree = "<group>"; };
		D046E0512AA6D4E500702773 /* ReminderListItem.swift */ = {isa = PBXFileReference; lastKnownFileType = sourcecode.swift; path = ReminderListItem.swift; sourceTree = "<group>"; };
		D04B1FBA2AA172FE00B72475 /* Erinra.app */ = {isa = PBXFileReference; explicitFileType = wrapper.application; includeInIndex = 0; path = Erinra.app; sourceTree = BUILT_PRODUCTS_DIR; };
		D04B1FBD2AA172FE00B72475 /* ErinraApp.swift */ = {isa = PBXFileReference; lastKnownFileType = sourcecode.swift; path = ErinraApp.swift; sourceTree = "<group>"; };
		D04B1FBF2AA172FE00B72475 /* ContentView.swift */ = {isa = PBXFileReference; lastKnownFileType = sourcecode.swift; path = ContentView.swift; sourceTree = "<group>"; };
		D04B1FC12AA172FE00B72475 /* Reminder.swift */ = {isa = PBXFileReference; lastKnownFileType = sourcecode.swift; path = Reminder.swift; sourceTree = "<group>"; };
		D04B1FC32AA172FF00B72475 /* Assets.xcassets */ = {isa = PBXFileReference; lastKnownFileType = folder.assetcatalog; path = Assets.xcassets; sourceTree = "<group>"; };
		D04B1FC62AA172FF00B72475 /* Preview Assets.xcassets */ = {isa = PBXFileReference; lastKnownFileType = folder.assetcatalog; path = "Preview Assets.xcassets"; sourceTree = "<group>"; };
		D04B1FC82AA172FF00B72475 /* Erinra.entitlements */ = {isa = PBXFileReference; lastKnownFileType = text.plist.entitlements; path = Erinra.entitlements; sourceTree = "<group>"; };
		D0680A5F2AB7791000387A79 /* LaunchAtLogin.swift */ = {isa = PBXFileReference; lastKnownFileType = sourcecode.swift; path = LaunchAtLogin.swift; sourceTree = "<group>"; };
		D0BD590E2AA50BC40071B58F /* NewReminder.swift */ = {isa = PBXFileReference; lastKnownFileType = sourcecode.swift; path = NewReminder.swift; sourceTree = "<group>"; };
		D0F5DF3C2AA17A40003C7122 /* Erinra-Info.plist */ = {isa = PBXFileReference; lastKnownFileType = text.plist.xml; path = "Erinra-Info.plist"; sourceTree = SOURCE_ROOT; };
/* End PBXFileReference section */

/* Begin PBXFrameworksBuildPhase section */
		D04B1FB72AA172FE00B72475 /* Frameworks */ = {
			isa = PBXFrameworksBuildPhase;
			buildActionMask = 2147483647;
			files = (
			);
			runOnlyForDeploymentPostprocessing = 0;
		};
/* End PBXFrameworksBuildPhase section */

/* Begin PBXGroup section */
		D04B1FB12AA172FE00B72475 = {
			isa = PBXGroup;
			children = (
				D04B1FBC2AA172FE00B72475 /* Erinra */,
				D04B1FBB2AA172FE00B72475 /* Products */,
			);
			sourceTree = "<group>";
		};
		D04B1FBB2AA172FE00B72475 /* Products */ = {
			isa = PBXGroup;
			children = (
				D04B1FBA2AA172FE00B72475 /* Erinra.app */,
			);
			name = Products;
			sourceTree = "<group>";
		};
		D04B1FBC2AA172FE00B72475 /* Erinra */ = {
			isa = PBXGroup;
			children = (
				D0F5DF3C2AA17A40003C7122 /* Erinra-Info.plist */,
				D04B1FBD2AA172FE00B72475 /* ErinraApp.swift */,
				D04B1FBF2AA172FE00B72475 /* ContentView.swift */,
				D046E0512AA6D4E500702773 /* ReminderListItem.swift */,
				D0BD590E2AA50BC40071B58F /* NewReminder.swift */,
				D04B1FC12AA172FE00B72475 /* Reminder.swift */,
				BDE807912AA90B2C0055C6B6 /* NotificationManager.swift */,
				BDE807932AAFF4960055C6B6 /* ReminderState.swift */,
				D0680A5F2AB7791000387A79 /* LaunchAtLogin.swift */,
				D04B1FC32AA172FF00B72475 /* Assets.xcassets */,
				D04B1FC82AA172FF00B72475 /* Erinra.entitlements */,
				D04B1FC52AA172FF00B72475 /* Preview Content */,
			);
			path = Erinra;
			sourceTree = "<group>";
		};
		D04B1FC52AA172FF00B72475 /* Preview Content */ = {
			isa = PBXGroup;
			children = (
				D04B1FC62AA172FF00B72475 /* Preview Assets.xcassets */,
			);
			path = "Preview Content";
			sourceTree = "<group>";
		};
/* End PBXGroup section */

/* Begin PBXNativeTarget section */
		D04B1FB92AA172FE00B72475 /* Erinra */ = {
			isa = PBXNativeTarget;
			buildConfigurationList = D04B1FCB2AA172FF00B72475 /* Build configuration list for PBXNativeTarget "Erinra" */;
			buildPhases = (
				D04B1FB62AA172FE00B72475 /* Sources */,
				D04B1FB72AA172FE00B72475 /* Frameworks */,
				D04B1FB82AA172FE00B72475 /* Resources */,
			);
			buildRules = (
			);
			dependencies = (
			);
			name = Erinra;
			productName = "KomIhåg";
			productReference = D04B1FBA2AA172FE00B72475 /* Erinra.app */;
			productType = "com.apple.product-type.application";
		};
/* End PBXNativeTarget section */

/* Begin PBXProject section */
		D04B1FB22AA172FE00B72475 /* Project object */ = {
			isa = PBXProject;
			attributes = {
				BuildIndependentTargetsInParallel = 1;
				LastSwiftUpdateCheck = 1500;
				LastUpgradeCheck = 1600;
				TargetAttributes = {
					D04B1FB92AA172FE00B72475 = {
						CreatedOnToolsVersion = 15.0;
					};
				};
			};
			buildConfigurationList = D04B1FB52AA172FE00B72475 /* Build configuration list for PBXProject "Erinra" */;
			compatibilityVersion = "Xcode 14.0";
			developmentRegion = en;
			hasScannedForEncodings = 0;
			knownRegions = (
				en,
				Base,
			);
			mainGroup = D04B1FB12AA172FE00B72475;
			productRefGroup = D04B1FBB2AA172FE00B72475 /* Products */;
			projectDirPath = "";
			projectRoot = "";
			targets = (
				D04B1FB92AA172FE00B72475 /* Erinra */,
			);
		};
/* End PBXProject section */

/* Begin PBXResourcesBuildPhase section */
		D04B1FB82AA172FE00B72475 /* Resources */ = {
			isa = PBXResourcesBuildPhase;
			buildActionMask = 2147483647;
			files = (
				D04B1FC72AA172FF00B72475 /* Preview Assets.xcassets in Resources */,
				D04B1FC42AA172FF00B72475 /* Assets.xcassets in Resources */,
			);
			runOnlyForDeploymentPostprocessing = 0;
		};
/* End PBXResourcesBuildPhase section */

/* Begin PBXSourcesBuildPhase section */
		D04B1FB62AA172FE00B72475 /* Sources */ = {
			isa = PBXSourcesBuildPhase;
			buildActionMask = 2147483647;
			files = (
				D0680A602AB7791000387A79 /* LaunchAtLogin.swift in Sources */,
				BDE807922AA90B2C0055C6B6 /* NotificationManager.swift in Sources */,
				BDE807942AAFF4960055C6B6 /* ReminderState.swift in Sources */,
				D046E0522AA6D4E500702773 /* ReminderListItem.swift in Sources */,
				D04B1FC02AA172FE00B72475 /* ContentView.swift in Sources */,
				D0BD590F2AA50BC40071B58F /* NewReminder.swift in Sources */,
				D04B1FC22AA172FE00B72475 /* Reminder.swift in Sources */,
				D04B1FBE2AA172FE00B72475 /* ErinraApp.swift in Sources */,
			);
			runOnlyForDeploymentPostprocessing = 0;
		};
/* End PBXSourcesBuildPhase section */

/* Begin XCBuildConfiguration section */
		D04B1FC92AA172FF00B72475 /* Debug */ = {
			isa = XCBuildConfiguration;
			buildSettings = {
				ALWAYS_SEARCH_USER_PATHS = NO;
				ASSETCATALOG_COMPILER_GENERATE_SWIFT_ASSET_SYMBOL_EXTENSIONS = YES;
				CLANG_ANALYZER_NONNULL = YES;
				CLANG_ANALYZER_NUMBER_OBJECT_CONVERSION = YES_AGGRESSIVE;
				CLANG_CXX_LANGUAGE_STANDARD = "gnu++20";
				CLANG_ENABLE_MODULES = YES;
				CLANG_ENABLE_OBJC_ARC = YES;
				CLANG_ENABLE_OBJC_WEAK = YES;
				CLANG_WARN_BLOCK_CAPTURE_AUTORELEASING = YES;
				CLANG_WARN_BOOL_CONVERSION = YES;
				CLANG_WARN_COMMA = YES;
				CLANG_WARN_CONSTANT_CONVERSION = YES;
				CLANG_WARN_DEPRECATED_OBJC_IMPLEMENTATIONS = YES;
				CLANG_WARN_DIRECT_OBJC_ISA_USAGE = YES_ERROR;
				CLANG_WARN_DOCUMENTATION_COMMENTS = YES;
				CLANG_WARN_EMPTY_BODY = YES;
				CLANG_WARN_ENUM_CONVERSION = YES;
				CLANG_WARN_INFINITE_RECURSION = YES;
				CLANG_WARN_INT_CONVERSION = YES;
				CLANG_WARN_NON_LITERAL_NULL_CONVERSION = YES;
				CLANG_WARN_OBJC_IMPLICIT_RETAIN_SELF = YES;
				CLANG_WARN_OBJC_LITERAL_CONVERSION = YES;
				CLANG_WARN_OBJC_ROOT_CLASS = YES_ERROR;
				CLANG_WARN_QUOTED_INCLUDE_IN_FRAMEWORK_HEADER = YES;
				CLANG_WARN_RANGE_LOOP_ANALYSIS = YES;
				CLANG_WARN_STRICT_PROTOTYPES = YES;
				CLANG_WARN_SUSPICIOUS_MOVE = YES;
				CLANG_WARN_UNGUARDED_AVAILABILITY = YES_AGGRESSIVE;
				CLANG_WARN_UNREACHABLE_CODE = YES;
				CLANG_WARN__DUPLICATE_METHOD_MATCH = YES;
				COPY_PHASE_STRIP = NO;
				DEAD_CODE_STRIPPING = YES;
				DEBUG_INFORMATION_FORMAT = dwarf;
				ENABLE_STRICT_OBJC_MSGSEND = YES;
				ENABLE_TESTABILITY = YES;
				ENABLE_USER_SCRIPT_SANDBOXING = YES;
				GCC_C_LANGUAGE_STANDARD = gnu17;
				GCC_DYNAMIC_NO_PIC = NO;
				GCC_NO_COMMON_BLOCKS = YES;
				GCC_OPTIMIZATION_LEVEL = 0;
				GCC_PREPROCESSOR_DEFINITIONS = (
					"DEBUG=1",
					"$(inherited)",
				);
				GCC_WARN_64_TO_32_BIT_CONVERSION = YES;
				GCC_WARN_ABOUT_RETURN_TYPE = YES_ERROR;
				GCC_WARN_UNDECLARED_SELECTOR = YES;
				GCC_WARN_UNINITIALIZED_AUTOS = YES_AGGRESSIVE;
				GCC_WARN_UNUSED_FUNCTION = YES;
				GCC_WARN_UNUSED_VARIABLE = YES;
				LOCALIZATION_PREFERS_STRING_CATALOGS = YES;
				MACOSX_DEPLOYMENT_TARGET = 14.0;
				MTL_ENABLE_DEBUG_INFO = INCLUDE_SOURCE;
				MTL_FAST_MATH = YES;
				ONLY_ACTIVE_ARCH = YES;
				SDKROOT = macosx;
				SWIFT_ACTIVE_COMPILATION_CONDITIONS = "DEBUG $(inherited)";
				SWIFT_OPTIMIZATION_LEVEL = "-Onone";
				SWIFT_VERSION = 6.0;
			};
			name = Debug;
		};
		D04B1FCA2AA172FF00B72475 /* Release */ = {
			isa = XCBuildConfiguration;
			buildSettings = {
				ALWAYS_SEARCH_USER_PATHS = NO;
				ASSETCATALOG_COMPILER_GENERATE_SWIFT_ASSET_SYMBOL_EXTENSIONS = YES;
				CLANG_ANALYZER_NONNULL = YES;
				CLANG_ANALYZER_NUMBER_OBJECT_CONVERSION = YES_AGGRESSIVE;
				CLANG_CXX_LANGUAGE_STANDARD = "gnu++20";
				CLANG_ENABLE_MODULES = YES;
				CLANG_ENABLE_OBJC_ARC = YES;
				CLANG_ENABLE_OBJC_WEAK = YES;
				CLANG_WARN_BLOCK_CAPTURE_AUTORELEASING = YES;
				CLANG_WARN_BOOL_CONVERSION = YES;
				CLANG_WARN_COMMA = YES;
				CLANG_WARN_CONSTANT_CONVERSION = YES;
				CLANG_WARN_DEPRECATED_OBJC_IMPLEMENTATIONS = YES;
				CLANG_WARN_DIRECT_OBJC_ISA_USAGE = YES_ERROR;
				CLANG_WARN_DOCUMENTATION_COMMENTS = YES;
				CLANG_WARN_EMPTY_BODY = YES;
				CLANG_WARN_ENUM_CONVERSION = YES;
				CLANG_WARN_INFINITE_RECURSION = YES;
				CLANG_WARN_INT_CONVERSION = YES;
				CLANG_WARN_NON_LITERAL_NULL_CONVERSION = YES;
				CLANG_WARN_OBJC_IMPLICIT_RETAIN_SELF = YES;
				CLANG_WARN_OBJC_LITERAL_CONVERSION = YES;
				CLANG_WARN_OBJC_ROOT_CLASS = YES_ERROR;
				CLANG_WARN_QUOTED_INCLUDE_IN_FRAMEWORK_HEADER = YES;
				CLANG_WARN_RANGE_LOOP_ANALYSIS = YES;
				CLANG_WARN_STRICT_PROTOTYPES = YES;
				CLANG_WARN_SUSPICIOUS_MOVE = YES;
				CLANG_WARN_UNGUARDED_AVAILABILITY = YES_AGGRESSIVE;
				CLANG_WARN_UNREACHABLE_CODE = YES;
				CLANG_WARN__DUPLICATE_METHOD_MATCH = YES;
				COPY_PHASE_STRIP = NO;
				DEAD_CODE_STRIPPING = YES;
				DEBUG_INFORMATION_FORMAT = "dwarf-with-dsym";
				ENABLE_NS_ASSERTIONS = NO;
				ENABLE_STRICT_OBJC_MSGSEND = YES;
				ENABLE_USER_SCRIPT_SANDBOXING = YES;
				GCC_C_LANGUAGE_STANDARD = gnu17;
				GCC_NO_COMMON_BLOCKS = YES;
				GCC_WARN_64_TO_32_BIT_CONVERSION = YES;
				GCC_WARN_ABOUT_RETURN_TYPE = YES_ERROR;
				GCC_WARN_UNDECLARED_SELECTOR = YES;
				GCC_WARN_UNINITIALIZED_AUTOS = YES_AGGRESSIVE;
				GCC_WARN_UNUSED_FUNCTION = YES;
				GCC_WARN_UNUSED_VARIABLE = YES;
				LOCALIZATION_PREFERS_STRING_CATALOGS = YES;
				MACOSX_DEPLOYMENT_TARGET = 14.0;
				MTL_ENABLE_DEBUG_INFO = NO;
				MTL_FAST_MATH = YES;
				SDKROOT = macosx;
				SWIFT_COMPILATION_MODE = wholemodule;
				SWIFT_VERSION = 6.0;
			};
			name = Release;
		};
		D04B1FCC2AA172FF00B72475 /* Debug */ = {
			isa = XCBuildConfiguration;
			buildSettings = {
				ASSETCATALOG_COMPILER_APPICON_NAME = AppIcon;
				ASSETCATALOG_COMPILER_GLOBAL_ACCENT_COLOR_NAME = AccentColor;
				CODE_SIGN_ENTITLEMENTS = Erinra/Erinra.entitlements;
				CODE_SIGN_STYLE = Automatic;
				COMBINE_HIDPI_IMAGES = YES;
				CURRENT_PROJECT_VERSION = 1;
				DEAD_CODE_STRIPPING = YES;
				DEVELOPMENT_ASSET_PATHS = "\"Erinra/Preview Content\"";
				DEVELOPMENT_TEAM = 73AQJ77PZ5;
				ENABLE_HARDENED_RUNTIME = YES;
				ENABLE_PREVIEWS = YES;
				GENERATE_INFOPLIST_FILE = YES;
				INFOPLIST_FILE = "Erinra-Info.plist";
				INFOPLIST_KEY_LSApplicationCategoryType = "";
				INFOPLIST_KEY_LSUIElement = YES;
				INFOPLIST_KEY_NSHumanReadableCopyright = "Copyright © 2023-2024 Peter B Hedlund";
				LD_RUNPATH_SEARCH_PATHS = (
					"$(inherited)",
					"@executable_path/../Frameworks",
				);
				MACOSX_DEPLOYMENT_TARGET = 14.0;
				MARKETING_VERSION = 1.0;
				PRODUCT_BUNDLE_IDENTIFIER = dev.pbh.Erinra;
				PRODUCT_NAME = "$(TARGET_NAME)";
				SWIFT_EMIT_LOC_STRINGS = YES;
				SWIFT_VERSION = 5.0;
			};
			name = Debug;
		};
		D04B1FCD2AA172FF00B72475 /* Release */ = {
			isa = XCBuildConfiguration;
			buildSettings = {
				ASSETCATALOG_COMPILER_APPICON_NAME = AppIcon;
				ASSETCATALOG_COMPILER_GLOBAL_ACCENT_COLOR_NAME = AccentColor;
				CODE_SIGN_ENTITLEMENTS = Erinra/Erinra.entitlements;
				CODE_SIGN_STYLE = Automatic;
				COMBINE_HIDPI_IMAGES = YES;
				CURRENT_PROJECT_VERSION = 1;
				DEAD_CODE_STRIPPING = YES;
				DEVELOPMENT_ASSET_PATHS = "\"Erinra/Preview Content\"";
				DEVELOPMENT_TEAM = 73AQJ77PZ5;
				ENABLE_HARDENED_RUNTIME = YES;
				ENABLE_PREVIEWS = YES;
				GENERATE_INFOPLIST_FILE = YES;
				INFOPLIST_FILE = "Erinra-Info.plist";
				INFOPLIST_KEY_LSApplicationCategoryType = "";
				INFOPLIST_KEY_LSUIElement = YES;
				INFOPLIST_KEY_NSHumanReadableCopyright = "Copyright © 2023-2024 Peter B Hedlund";
				LD_RUNPATH_SEARCH_PATHS = (
					"$(inherited)",
					"@executable_path/../Frameworks",
				);
				MACOSX_DEPLOYMENT_TARGET = 14.0;
				MARKETING_VERSION = 1.0;
				PRODUCT_BUNDLE_IDENTIFIER = dev.pbh.Erinra;
				PRODUCT_NAME = "$(TARGET_NAME)";
				SWIFT_EMIT_LOC_STRINGS = YES;
				SWIFT_VERSION = 5.0;
			};
			name = Release;
		};
/* End XCBuildConfiguration section */

/* Begin XCConfigurationList section */
		D04B1FB52AA172FE00B72475 /* Build configuration list for PBXProject "Erinra" */ = {
			isa = XCConfigurationList;
			buildConfigurations = (
				D04B1FC92AA172FF00B72475 /* Debug */,
				D04B1FCA2AA172FF00B72475 /* Release */,
			);
			defaultConfigurationIsVisible = 0;
			defaultConfigurationName = Release;
		};
		D04B1FCB2AA172FF00B72475 /* Build configuration list for PBXNativeTarget "Erinra" */ = {
			isa = XCConfigurationList;
			buildConfigurations = (
				D04B1FCC2AA172FF00B72475 /* Debug */,
				D04B1FCD2AA172FF00B72475 /* Release */,
			);
			defaultConfigurationIsVisible = 0;
			defaultConfigurationName = Release;
		};
/* End XCConfigurationList section */
	};
	rootObject = D04B1FB22AA172FE00B72475 /* Project object */;
}
